{
  "nodes": {
    "codex-desktop-linux": {
      "inputs": {
        "flake-utils": "flake-utils",
        "nixpkgs": "nixpkgs"
      },
      "locked": {
        "lastModified": 1784573661,
        "narHash": "sha256-eeCCsCAUnM34EzFUwZ1EZBNoyKfvl1q80z0zjSOM8FQ=",
        "owner": "ilysenko",
        "repo": "codex-desktop-linux",
        "rev": "0e51086c0ab06c31276dc9cc31a6990a5d87ae1f",
        "type": "github"
      },
      "original": {
        "owner": "ilysenko",
        "repo": "codex-desktop-linux",
        "type": "github"
      }
    },
    "firefox-nightly": {
      "inputs": {
        "flake-compat": "flake-compat",
        "lib-aggregate": "lib-aggregate",
        "nixpkgs": "nixpkgs_2"
      },
      "locked": {
        "lastModified": 1784591745,
        "narHash": "sha256-ohwUEzDVJx5SUtcoLzdRMa5KgmbkjJJwuaqqx8+9dNI=",
        "owner": "nix-community",
        "repo": "flake-firefox-nightly",
        "rev": "cd3eeb415379a88baa0aa74d3164a45711e49f38",
        "type": "github"
      },
      "original": {
        "owner": "nix-community",
        "repo": "flake-firefox-nightly",
        "type": "github"
      }
    },
    "flake-compat": {
      "locked": {
        "lastModified": 1761640442,
        "narHash": "sha256-AtrEP6Jmdvrqiv4x2xa5mrtaIp3OEe8uBYCDZDS+hu8=",
        "owner": "nix-community",
        "repo": "flake-compat",
        "rev": "4a56054d8ffc173222d09dad23adf4ba946c8884",
        "type": "github"
      },
      "original": {
        "owner": "nix-community",
        "repo": "flake-compat",
        "type": "github"
      }
    },
    "flake-compat_2": {
      "flake": false,
      "locked": {
        "lastModified": 1767039857,
        "narHash": "sha256-vNpUSpF5Nuw8xvDLj2KCwwksIbjua2LZCqhV1LNRDns=",
        "owner": "edolstra",
        "repo": "flake-compat",
        "rev": "5edf11c44bc78a0d334f6334cdaf7d60d732daab",
        "type": "github"
      },
      "original": {
        "owner": "edolstra",
        "repo": "flake-compat",
        "type": "github"
      }
    },
    "flake-parts": {
      "inputs": {
        "nixpkgs-lib": [
          "hermes-agent",
          "nixpkgs"
        ]
      },
      "locked": {
        "lastModified": 1772408722,
        "narHash": "sha256-rHuJtdcOjK7rAHpHphUb1iCvgkU3GpfvicLMwwnfMT0=",
        "owner": "hercules-ci",
        "repo": "flake-parts",
        "rev": "f20dc5d9b8027381c474144ecabc9034d6a839a3",
        "type": "github"
      },
      "original": {
        "owner": "hercules-ci",
        "repo": "flake-parts",
        "type": "github"
      }
    },
    "flake-utils": {
      "inputs": {
        "systems": "systems"
      },
      "locked": {
        "lastModified": 1731533236,
        "narHash": "sha256-l0KFg5HjrsfsO/JpG+r7fRrqm12kzFHyUHqHCVpMMbI=",
        "owner": "numtide",
        "repo": "flake-utils",
        "rev": "11707dc2f618dd54ca8739b309ec4fc024de578b",
        "type": "github"
      },
      "original": {
        "owner": "numtide",
        "repo": "flake-utils",
        "type": "github"
      }
    },
    "flake-utils_2": {
      "inputs": {
        "systems": "systems_2"
      },
      "locked": {
        "lastModified": 1731533236,
        "narHash": "sha256-l0KFg5HjrsfsO/JpG+r7fRrqm12kzFHyUHqHCVpMMbI=",
        "owner": "numtide",
        "repo": "flake-utils",
        "rev": "11707dc2f618dd54ca8739b309ec4fc024de578b",
        "type": "github"
      },
      "original": {
        "owner": "numtide",
        "repo": "flake-utils",
        "type": "github"
      }
    },
    "hermes-agent": {
      "inputs": {
        "flake-parts": "flake-parts",
        "nixpkgs": "nixpkgs_3",
        "npm-lockfile-fix": "npm-lockfile-fix",
        "pyproject-build-systems": "pyproject-build-systems",
        "pyproject-nix": "pyproject-nix",
        "uv2nix": "uv2nix"
      },
      "locked": {
        "lastModified": 1784591442,
        "narHash": "sha256-m+N7ljL3R/lngNCGJoD//XuajHVsJuY7BxGfEyI2AgM=",
        "owner": "NousResearch",
        "repo": "hermes-agent",
        "rev": "fb0ed8396c1c598e3c116f41eea476ce18aa2dd3",
        "type": "github"
      },
      "original": {
        "owner": "NousResearch",
        "repo": "hermes-agent",
        "type": "github"
      }
    },
    "home-manager-2605": {
      "inputs": {
        "nixpkgs": [
          "nixpkgs-2605"
        ]
      },
      "locked": {
        "lastModified": 1784350909,
        "narHash": "sha256-ZWyzLbS1yKUTeFJLmdVuWNnHttL333/ldJbEE+KzCrM=",
        "owner": "nix-community",
        "repo": "home-manager",
        "rev": "4ce190229c73d44536caa7072f6308fb2d8feeb3",
        "type": "github"
      },
      "original": {
        "owner": "nix-community",
        "ref": "release-26.05",
        "repo": "home-manager",
        "type": "github"
      }
    },
    "lib-aggregate": {
      "inputs": {
        "flake-utils": "flake-utils_2",
        "nixpkgs-lib": "nixpkgs-lib"
      },
      "locked": {
        "lastModified": 1784467436,
        "narHash": "sha256-M1Z2hllqvPDhqu4wJ0tna10LXDmZOSEIabYaazX3+Jw=",
        "owner": "nix-community",
        "repo": "lib-aggregate",
        "rev": "01c7979026c3c39ec4e1e97b89005b98a4f81dc8",
        "type": "github"
      },
      "original": {
        "owner": "nix-community",
        "repo": "lib-aggregate",
        "type": "github"
      }
    },
    "nixos-wsl": {
      "inputs": {
        "flake-compat": "flake-compat_2",
        "nixpkgs": [
          "nixpkgs-2605"
        ]
      },
      "locked": {
        "lastModified": 1784058842,
        "narHash": "sha256-3u3tvbCIAid3Mv7RrJx13jusIEQC/HeKYhO/SUSxR3A=",
        "owner": "nix-community",
        "repo": "NixOS-WSL",
        "rev": "24c8dc8e0f2170e1a377be24dfadc7d9d21dc1ad",
        "type": "github"
      },
      "original": {
        "owner": "nix-community",
        "ref": "main",
        "repo": "NixOS-WSL",
        "type": "github"
      }
    },
    "nixpkgs": {
      "locked": {
        "lastModified": 1772773019,
        "narHash": "sha256-E1bxHxNKfDoQUuvriG71+f+s/NT0qWkImXsYZNFFfCs=",
        "owner": "NixOS",
        "repo": "nixpkgs",
        "rev": "aca4d95fce4914b3892661bcb80b8087293536c6",
        "type": "github"
      },
      "original": {
        "owner": "NixOS",
        "ref": "nixos-unstable",
        "repo": "nixpkgs",
        "type": "github"
      }
    },
    "nixpkgs-2605": {
      "locked": {
        "lastModified": 1784432872,
        "narHash": "sha256-n3gKTBIV4ZA5VQpUakffBe3KGu4+mhPoA34rrqS0GkA=",
        "owner": "nixos",
        "repo": "nixpkgs",
        "rev": "fd1462031fdee08f65fd0b4c6b64e22239a77870",
        "type": "github"
      },
      "original": {
        "owner": "nixos",
        "ref": "nixos-26.05",
        "repo": "nixpkgs",
        "type": "github"
      }
    },
    "nixpkgs-lib": {
      "locked": {
        "lastModified": 1784426460,
        "narHash": "sha256-DFY3+18Zijt5odIlo/G2gn1cXbU9rVim01NG1zHbpxs=",
        "owner": "nix-community",
        "repo": "nixpkgs.lib",
        "rev": "e978bdeeff2de8eb5454396f6557e655845b32c7",
        "type": "github"
      },
      "original": {
        "owner": "nix-community",
        "repo": "nixpkgs.lib",
        "type": "github"
      }
    },
    "nixpkgs-unstable": {
      "locked": {
        "lastModified": 1784497964,
        "narHash": "sha256-vlHUuqAcbcH2RKmHbPiuQzbv1pnzzavXnI62RD0bqCU=",
        "owner": "NixOS",
        "repo": "nixpkgs",
        "rev": "241313f4e8e508cb9b13278c2b0fa25b9ca27163",
        "type": "github"
      },
      "original": {
        "owner": "NixOS",
        "ref": "nixos-unstable",
        "repo": "nixpkgs",
        "type": "github"
      }
    },
    "nixpkgs_2": {
      "locked": {
        "lastModified": 1784562103,
        "narHash": "sha256-SDfOAeaWP2T/rNsZO9PTzcBdxYD7zDKk/Fclcpk+0Ng=",
        "owner": "nixos",
        "repo": "nixpkgs",
        "rev": "307e8e4aa0873a206264db7da7f0427d0c0859df",
        "type": "github"
      },
      "original": {
        "owner": "nixos",
        "ref": "nixos-unstable-small",
        "repo": "nixpkgs",
        "type": "github"
      }
    },
    "nixpkgs_3": {
      "locked": {
        "lastModified": 1775036866,
        "narHash": "sha256-ZojAnPuCdy657PbTq5V0Y+AHKhZAIwSIT2cb8UgAz/U=",
        "owner": "NixOS",
        "repo": "nixpkgs",
        "rev": "6201e203d09599479a3b3450ed24fa81537ebc4e",
        "type": "github"
      },
      "original": {
        "owner": "NixOS",
        "ref": "nixos-unstable",
        "repo": "nixpkgs",
        "type": "github"
      }
    },
    "npm-lockfile-fix": {
      "inputs": {
        "nixpkgs": [
          "hermes-agent",
          "nixpkgs"
        ]
      },
      "locked": {
        "lastModified": 1775903712,
        "narHash": "sha256-2GV79U6iVH4gKAPWYrxUReB0S41ty/Y3dBLquU8AlaA=",
        "owner": "jeslie0",
        "repo": "npm-lockfile-fix",
        "rev": "c6093acb0c0548e0f9b8b3d82918823721930fe8",
        "type": "github"
      },
      "original": {
        "owner": "jeslie0",
        "repo": "npm-lockfile-fix",
        "type": "github"
      }
    },
    "pyproject-build-systems": {
      "inputs": {
        "nixpkgs": [
          "hermes-agent",
          "nixpkgs"
        ],
        "pyproject-nix": [
          "hermes-agent",
          "pyproject-nix"
        ],
        "uv2nix": [
          "hermes-agent",
          "uv2nix"
        ]
      },
      "locked": {
        "lastModified": 1772555609,
        "narHash": "sha256-3BA3HnUvJSbHJAlJj6XSy0Jmu7RyP2gyB/0fL7XuEDo=",
        "owner": "pyproject-nix",
        "repo": "build-system-pkgs",
        "rev": "c37f66a953535c394244888598947679af231863",
        "type": "github"
      },
      "original": {
        "owner": "pyproject-nix",
        "repo": "build-system-pkgs",
        "type": "github"
      }
    },
    "pyproject-nix": {
      "inputs": {
        "nixpkgs": [
          "hermes-agent",
          "nixpkgs"
        ]
      },
      "locked": {
        "lastModified": 1772865871,
        "narHash": "sha256-/ZTSg97aouL0SlPHaokA4r3iuH9QzHVuWPACD2CUCFY=",
        "owner": "pyproject-nix",
        "repo": "pyproject.nix",
        "rev": "e537db02e72d553cea470976b9733581bcf5b3ed",
        "type": "github"
      },
      "original": {
        "owner": "pyproject-nix",
        "repo": "pyproject.nix",
        "type": "github"
      }
    },
    "root": {
      "inputs": {
        "codex-desktop-linux": "codex-desktop-linux",
        "firefox-nightly": "firefox-nightly",
        "hermes-agent": "hermes-agent",
        "home-manager-2605": "home-manager-2605",
        "nixos-wsl": "nixos-wsl",
        "nixpkgs-2605": "nixpkgs-2605",
        "nixpkgs-unstable": "nixpkgs-unstable",
        "tokf": "tokf"
      }
    },
    "systems": {
      "locked": {
        "lastModified": 1681028828,
        "narHash": "sha256-Vy1rq5AaRuLzOxct8nz4T6wlgyUR7zLU309k9mBC768=",
        "owner": "nix-systems",
        "repo": "default",
        "rev": "da67096a3b9bf56a91d16901293e51ba5b49a27e",
        "type": "github"
      },
      "original": {
        "owner": "nix-systems",
        "repo": "default",
        "type": "github"
      }
    },
    "systems_2": {
      "locked": {
        "lastModified": 1681028828,
        "narHash": "sha256-Vy1rq5AaRuLzOxct8nz4T6wlgyUR7zLU309k9mBC768=",
        "owner": "nix-systems",
        "repo": "default",
        "rev": "da67096a3b9bf56a91d16901293e51ba5b49a27e",
        "type": "github"
      },
      "original": {
        "owner": "nix-systems",
        "repo": "default",
        "type": "github"
      }
    },
    "tokf": {
      "flake": false,
      "locked": {
        "lastModified": 1783449548,
        "narHash": "sha256-U1Zz3lshtYkBB0W1ugW9VOVj8LMALmWfmD1tIyAixyY=",
        "owner": "mpecan",
        "repo": "tokf",
        "rev": "43706f210938285ebb7ff6ace9976cbb3f410781",
        "type": "github"
      },
      "original": {
        "owner": "mpecan",
        "repo": "tokf",
        "type": "github"
      }
    },
    "uv2nix": {
      "inputs": {
        "nixpkgs": [
          "hermes-agent",
          "nixpkgs"
        ],
        "pyproject-nix": [
          "hermes-agent",
          "pyproject-nix"
        ]
      },
      "locked": {
        "lastModified": 1773039484,
        "narHash": "sha256-+boo33KYkJDw9KItpeEXXv8+65f7hHv/earxpcyzQ0I=",
        "owner": "pyproject-nix",
        "repo": "uv2nix",
        "rev": "b68be7cfeacbed9a3fa38a2b5adc0cfb81d9bb1f",
        "type": "github"
      },
      "original": {
        "owner": "pyproject-nix",
        "repo": "uv2nix",
        "type": "github"
      }
    }
  },
  "root": "root",
  "version": 7
}
